
Microsoft Visual Studio Solution File, Format Version 12.00
# Visual Studio Version 16
VisualStudioVersion = 16.0.31729.503
MinimumVisualStudioVersion = 10.0.40219.1
Project("{FAE04EC0-301F-11D3-BF4B-00C04F79EFBC}") = "Snake", "Snake.csproj", "{BCC50F29-55D9-4FCB-A25F-559F30FF8572}"
EndProject
Global
	GlobalSection(SolutionConfigurationPlatforms) = preSolution
		Debug|Any CPU = Debug|Any CPU
		Release|Any CPU = Release|Any CPU
	EndGlobalSection
	GlobalSection(ProjectConfigurationPlatforms) = postSolution
		{BCC50F29-55D9-4FCB-A25F-559F30FF8572}.Debug|Any CPU.ActiveCfg = Debug|Any CPU
		{BCC50F29-55D9-4FCB-A25F-559F30FF8572}.Debug|Any CPU.Build.0 = Debug|Any CPU
		{BCC50F29-55D9-4FCB-A25F-559F30FF8572}.Release|Any CPU.ActiveCfg = Release|Any CPU
		{BCC50F29-55D9-4FCB-A25F-559F30FF8572}.Release|Any CPU.Build.0 = Release|Any CPU
	EndGlobalSection
	GlobalSection(SolutionProperties) = preSolution
		HideSolutionNode = FALSE
	EndGlobalSection
	GlobalSection(ExtensibilityGlobals) = postSolution
		SolutionGuid = {72F87938-4D76-4AC3-BAB0-70F56E5FE01D}
	EndGlobalSection
EndGlobal
